
Microsoft Visual Studio Solution File, Format Version 12.00
# Visual Studio 15
VisualStudioVersion = 15.0.28307.421
MinimumVisualStudioVersion = 10.0.40219.1
Project("{FAE04EC0-301F-11D3-BF4B-00C04F79EFBC}") = "ThreadChallenge", "ThreadChallenge\ThreadChallenge.csproj", "{5D7038D8-4400-4410-B2C4-0B298F5AC8A8}"
EndProject
Project("{FAE04EC0-301F-11D3-BF4B-00C04F79EFBC}") = "PersonRecord", "PersonRecord\PersonRecord.csproj", "{9F791ED4-AE10-4EDC-AA41-8A2ECB7D41AE}"
EndProject
Project("{FAE04EC0-301F-11D3-BF4B-00C04F79EFBC}") = "LogSpace", "LogSpace\LogSpace.csproj", "{CC17E09D-CA7D-46FC-AF85-FF655AB333B0}"
EndProject
Global
	GlobalSection(SolutionConfigurationPlatforms) = preSolution
		Debug|Any CPU = Debug|Any CPU
		Release|Any CPU = Release|Any CPU
	EndGlobalSection
	GlobalSection(ProjectConfigurationPlatforms) = postSolution
		{5D7038D8-4400-4410-B2C4-0B298F5AC8A8}.Debug|Any CPU.ActiveCfg = Debug|Any CPU
		{5D7038D8-4400-4410-B2C4-0B298F5AC8A8}.Debug|Any CPU.Build.0 = Debug|Any CPU
		{5D7038D8-4400-4410-B2C4-0B298F5AC8A8}.Release|Any CPU.ActiveCfg = Release|Any CPU
		{5D7038D8-4400-4410-B2C4-0B298F5AC8A8}.Release|Any CPU.Build.0 = Release|Any CPU
		{9F791ED4-AE10-4EDC-AA41-8A2ECB7D41AE}.Debug|Any CPU.ActiveCfg = Debug|Any CPU
		{9F791ED4-AE10-4EDC-AA41-8A2ECB7D41AE}.Debug|Any CPU.Build.0 = Debug|Any CPU
		{9F791ED4-AE10-4EDC-AA41-8A2ECB7D41AE}.Release|Any CPU.ActiveCfg = Release|Any CPU
		{9F791ED4-AE10-4EDC-AA41-8A2ECB7D41AE}.Release|Any CPU.Build.0 = Release|Any CPU
		{CC17E09D-CA7D-46FC-AF85-FF655AB333B0}.Debug|Any CPU.ActiveCfg = Debug|Any CPU
		{CC17E09D-CA7D-46FC-AF85-FF655AB333B0}.Debug|Any CPU.Build.0 = Debug|Any CPU
		{CC17E09D-CA7D-46FC-AF85-FF655AB333B0}.Release|Any CPU.ActiveCfg = Release|Any CPU
		{CC17E09D-CA7D-46FC-AF85-FF655AB333B0}.Release|Any CPU.Build.0 = Release|Any CPU
	EndGlobalSection
	GlobalSection(SolutionProperties) = preSolution
		HideSolutionNode = FALSE
	EndGlobalSection
	GlobalSection(ExtensibilityGlobals) = postSolution
		SolutionGuid = {8B8FBC24-0AF5-455D-8B91-74BBDD64E703}
	EndGlobalSection
EndGlobal
